// !$*UTF8*$!
{
	archiveVersion = 1;
	classes = {
	};
	objectVersion = 48;
	objects = {

/* Begin PBXBuildFile section */
		9030D6151FFC251800B96530 /* AppDelegate.swift in Sources */ = {isa = PBXBuildFile; fileRef = 9030D6141FFC251800B96530 /* AppDelegate.swift */; };
		9030D6171FFC251800B96530 /* MainVC.swift in Sources */ = {isa = PBXBuildFile; fileRef = 9030D6161FFC251800B96530 /* MainVC.swift */; };
		9030D61A1FFC251800B96530 /* Main.storyboard in Resources */ = {isa = PBXBuildFile; fileRef = 9030D6181FFC251800B96530 /* Main.storyboard */; };
		9030D61C1FFC251800B96530 /* Assets.xcassets in Resources */ = {isa = PBXBuildFile; fileRef = 9030D61B1FFC251800B96530 /* Assets.xcassets */; };
		9030D61F1FFC251800B96530 /* LaunchScreen.storyboard in Resources */ = {isa = PBXBuildFile; fileRef = 9030D61D1FFC251800B96530 /* LaunchScreen.storyboard */; };
		9098E77B1FFD35B20077FAE6 /* CurrencyTextFiel.swift in Sources */ = {isa = PBXBuildFile; fileRef = 9098E77A1FFD35B20077FAE6 /* CurrencyTextFiel.swift */; };
/* End PBXBuildFile section */

/* Begin PBXFileReference section */
		9030D6111FFC251800B96530 /* windowShopper.app */ = {isa = PBXFileReference; explicitFileType = wrapper.application; includeInIndex = 0; path = windowShopper.app; sourceTree = BUILT_PRODUCTS_DIR; };
		9030D6141FFC251800B96530 /* AppDelegate.swift */ = {isa = PBXFileReference; lastKnownFileType = sourcecode.swift; path = AppDelegate.swift; sourceTree = "<group>"; };
		9030D6161FFC251800B96530 /* MainVC.swift */ = {isa = PBXFileReference; lastKnownFileType = sourcecode.swift; path = MainVC.swift; sourceTree = "<group>"; };
		9030D6191FFC251800B96530 /* Base */ = {isa = PBXFileReference; lastKnownFileType = file.storyboard; name = Base; path = Base.lproj/Main.storyboard; sourceTree = "<group>"; };
		9030D61B1FFC251800B96530 /* Assets.xcassets */ = {isa = PBXFileReference; lastKnownFileType = folder.assetcatalog; path = Assets.xcassets; sourceTree = "<group>"; };
		9030D61E1FFC251800B96530 /* Base */ = {isa = PBXFileReference; lastKnownFileType = file.storyboard; name = Base; path = Base.lproj/LaunchScreen.storyboard; sourceTree = "<group>"; };
		9030D6201FFC251800B96530 /* Info.plist */ = {isa = PBXFileReference; lastKnownFileType = text.plist.xml; path = Info.plist; sourceTree = "<group>"; };
		9098E77A1FFD35B20077FAE6 /* CurrencyTextFiel.swift */ = {isa = PBXFileReference; lastKnownFileType = sourcecode.swift; path = CurrencyTextFiel.swift; sourceTree = "<group>"; };
/* End PBXFileReference section */

/* Begin PBXFrameworksBuildPhase section */
		9030D60E1FFC251800B96530 /* Frameworks */ = {
			isa = PBXFrameworksBuildPhase;
			buildActionMask = 2147483647;
			files = (
			);
			runOnlyForDeploymentPostprocessing = 0;
		};
/* End PBXFrameworksBuildPhase section */

/* Begin PBXGroup section */
		9030D6081FFC251800B96530 = {
			isa = PBXGroup;
			children = (
				9030D6131FFC251800B96530 /* windowShopper */,
				9030D6121FFC251800B96530 /* Products */,
			);
			sourceTree = "<group>";
		};
		9030D6121FFC251800B96530 /* Products */ = {
			isa = PBXGroup;
			children = (
				9030D6111FFC251800B96530 /* windowShopper.app */,
			);
			name = Products;
			sourceTree = "<group>";
		};
		9030D6131FFC251800B96530 /* windowShopper */ = {
			isa = PBXGroup;
			children = (
				9098E7791FFD348C0077FAE6 /* Controller */,
				9098E7781FFD34870077FAE6 /* View */,
				9098E7771FFD34810077FAE6 /* Model */,
				9030D6141FFC251800B96530 /* AppDelegate.swift */,
				9030D6181FFC251800B96530 /* Main.storyboard */,
				9030D61B1FFC251800B96530 /* Assets.xcassets */,
				9030D61D1FFC251800B96530 /* LaunchScreen.storyboard */,
				9030D6201FFC251800B96530 /* Info.plist */,
			);
			path = windowShopper;
			sourceTree = "<group>";
		};
		9098E7771FFD34810077FAE6 /* Model */ = {
			isa = PBXGroup;
			children = (
			);
			path = Model;
			sourceTree = "<group>";
		};
		9098E7781FFD34870077FAE6 /* View */ = {
			isa = PBXGroup;
			children = (
				9098E77A1FFD35B20077FAE6 /* CurrencyTextFiel.swift */,
			);
			path = View;
			sourceTree = "<group>";
		};
		9098E7791FFD348C0077FAE6 /* Controller */ = {
			isa = PBXGroup;
			children = (
				9030D6161FFC251800B96530 /* MainVC.swift */,
			);
			path = Controller;
			sourceTree = "<group>";
		};
/* End PBXGroup section */

/* Begin PBXNativeTarget section */
		9030D6101FFC251800B96530 /* windowShopper */ = {
			isa = PBXNativeTarget;
			buildConfigurationList = 9030D6231FFC251800B96530 /* Build configuration list for PBXNativeTarget "windowShopper" */;
			buildPhases = (
				9030D60D1FFC251800B96530 /* Sources */,
				9030D60E1FFC251800B96530 /* Frameworks */,
				9030D60F1FFC251800B96530 /* Resources */,
			);
			buildRules = (
			);
			dependencies = (
			);
			name = windowShopper;
			productName = windowShopper;
			productReference = 9030D6111FFC251800B96530 /* windowShopper.app */;
			productType = "com.apple.product-type.application";
		};
/* End PBXNativeTarget section */

/* Begin PBXProject section */
		9030D6091FFC251800B96530 /* Project object */ = {
			isa = PBXProject;
			attributes = {
				LastSwiftUpdateCheck = 0920;
				LastUpgradeCheck = 0920;
				ORGANIZATIONNAME = Specialist;
				TargetAttributes = {
					9030D6101FFC251800B96530 = {
						CreatedOnToolsVersion = 9.2;
						ProvisioningStyle = Automatic;
					};
				};
			};
			buildConfigurationList = 9030D60C1FFC251800B96530 /* Build configuration list for PBXProject "windowShopper" */;
			compatibilityVersion = "Xcode 8.0";
			developmentRegion = en;
			hasScannedForEncodings = 0;
			knownRegions = (
				en,
				Base,
			);
			mainGroup = 9030D6081FFC251800B96530;
			productRefGroup = 9030D6121FFC251800B96530 /* Products */;
			projectDirPath = "";
			projectRoot = "";
			targets = (
				9030D6101FFC251800B96530 /* windowShopper */,
			);
		};
/* End PBXProject section */

/* Begin PBXResourcesBuildPhase section */
		9030D60F1FFC251800B96530 /* Resources */ = {
			isa = PBXResourcesBuildPhase;
			buildActionMask = 2147483647;
			files = (
				9030D61F1FFC251800B96530 /* LaunchScreen.storyboard in Resources */,
				9030D61C1FFC251800B96530 /* Assets.xcassets in Resources */,
				9030D61A1FFC251800B96530 /* Main.storyboard in Resources */,
			);
			runOnlyForDeploymentPostprocessing = 0;
		};
/* End PBXResourcesBuildPhase section */

/* Begin PBXSourcesBuildPhase section */
		9030D60D1FFC251800B96530 /* Sources */ = {
			isa = PBXSourcesBuildPhase;
			buildActionMask = 2147483647;
			files = (
				9030D6171FFC251800B96530 /* MainVC.swift in Sources */,
				9098E77B1FFD35B20077FAE6 /* CurrencyTextFiel.swift in Sources */,
				9030D6151FFC251800B96530 /* AppDelegate.swift in Sources */,
			);
			runOnlyForDeploymentPostprocessing = 0;
		};
/* End PBXSourcesBuildPhase section */

/* Begin PBXVariantGroup section */
		9030D6181FFC251800B96530 /* Main.storyboard */ = {
			isa = PBXVariantGroup;
			children = (
				9030D6191FFC251800B96530 /* Base */,
			);
			name = Main.storyboard;
			sourceTree = "<group>";
		};
		9030D61D1FFC251800B96530 /* LaunchScreen.storyboard */ = {
			isa = PBXVariantGroup;
			children = (
				9030D61E1FFC251800B96530 /* Base */,
			);
			name = LaunchScreen.storyboard;
			sourceTree = "<group>";
		};
/* End PBXVariantGroup section */

/* Begin XCBuildConfiguration section */
		9030D6211FFC251800B96530 /* Debug */ = {
			isa = XCBuildConfiguration;
			buildSettings = {
				ALWAYS_SEARCH_USER_PATHS = NO;
				CLANG_ANALYZER_NONNULL = YES;
				CLANG_ANALYZER_NUMBER_OBJECT_CONVERSION = YES_AGGRESSIVE;
				CLANG_CXX_LANGUAGE_STANDARD = "gnu++14";
				CLANG_CXX_LIBRARY = "libc++";
				CLANG_ENABLE_MODULES = YES;
				CLANG_ENABLE_OBJC_ARC = YES;
				CLANG_WARN_BLOCK_CAPTURE_AUTORELEASING = YES;
				CLANG_WARN_BOOL_CONVERSION = YES;
				CLANG_WARN_COMMA = YES;
				CLANG_WARN_CONSTANT_CONVERSION = YES;
				CLANG_WARN_DIRECT_OBJC_ISA_USAGE = YES_ERROR;
				CLANG_WARN_DOCUMENTATION_COMMENTS = YES;
				CLANG_WARN_EMPTY_BODY = YES;
				CLANG_WARN_ENUM_CONVERSION = YES;
				CLANG_WARN_INFINITE_RECURSION = YES;
				CLANG_WARN_INT_CONVERSION = YES;
				CLANG_WARN_NON_LITERAL_NULL_CONVERSION = YES;
				CLANG_WARN_OBJC_LITERAL_CONVERSION = YES;
				CLANG_WARN_OBJC_ROOT_CLASS = YES_ERROR;
				CLANG_WARN_RANGE_LOOP_ANALYSIS = YES;
				CLANG_WARN_STRICT_PROTOTYPES = YES;
				CLANG_WARN_SUSPICIOUS_MOVE = YES;
				CLANG_WARN_UNGUARDED_AVAILABILITY = YES_AGGRESSIVE;
				CLANG_WARN_UNREACHABLE_CODE = YES;
				CLANG_WARN__DUPLICATE_METHOD_MATCH = YES;
				CODE_SIGN_IDENTITY = "iPhone Developer";
				COPY_PHASE_STRIP = NO;
				DEBUG_INFORMATION_FORMAT = dwarf;
				ENABLE_STRICT_OBJC_MSGSEND = YES;
				ENABLE_TESTABILITY = YES;
				GCC_C_LANGUAGE_STANDARD = gnu11;
				GCC_DYNAMIC_NO_PIC = NO;
				GCC_NO_COMMON_BLOCKS = YES;
				GCC_OPTIMIZATION_LEVEL = 0;
				GCC_PREPROCESSOR_DEFINITIONS = (
					"DEBUG=1",
					"$(inherited)",
				);
				GCC_WARN_64_TO_32_BIT_CONVERSION = YES;
				GCC_WARN_ABOUT_RETURN_TYPE = YES_ERROR;
				GCC_WARN_UNDECLARED_SELECTOR = YES;
				GCC_WARN_UNINITIALIZED_AUTOS = YES_AGGRESSIVE;
				GCC_WARN_UNUSED_FUNCTION = YES;
				GCC_WARN_UNUSED_VARIABLE = YES;
				IPHONEOS_DEPLOYMENT_TARGET = 11.2;
				MTL_ENABLE_DEBUG_INFO = YES;
				ONLY_ACTIVE_ARCH = YES;
				SDKROOT = iphoneos;
				SWIFT_ACTIVE_COMPILATION_CONDITIONS = DEBUG;
				SWIFT_OPTIMIZATION_LEVEL = "-Onone";
			};
			name = Debug;
		};
		9030D6221FFC251800B96530 /* Release */ = {
			isa = XCBuildConfiguration;
			buildSettings = {
				ALWAYS_SEARCH_USER_PATHS = NO;
				CLANG_ANALYZER_NONNULL = YES;
				CLANG_ANALYZER_NUMBER_OBJECT_CONVERSION = YES_AGGRESSIVE;
				CLANG_CXX_LANGUAGE_STANDARD = "gnu++14";
				CLANG_CXX_LIBRARY = "libc++";
				CLANG_ENABLE_MODULES = YES;
				CLANG_ENABLE_OBJC_ARC = YES;
				CLANG_WARN_BLOCK_CAPTURE_AUTORELEASING = YES;
				CLANG_WARN_BOOL_CONVERSION = YES;
				CLANG_WARN_COMMA = YES;
				CLANG_WARN_CONSTANT_CONVERSION = YES;
				CLANG_WARN_DIRECT_OBJC_ISA_USAGE = YES_ERROR;
				CLANG_WARN_DOCUMENTATION_COMMENTS = YES;
				CLANG_WARN_EMPTY_BODY = YES;
				CLANG_WARN_ENUM_CONVERSION = YES;
				CLANG_WARN_INFINITE_RECURSION = YES;
				CLANG_WARN_INT_CONVERSION = YES;
				CLANG_WARN_NON_LITERAL_NULL_CONVERSION = YES;
				CLANG_WARN_OBJC_LITERAL_CONVERSION = YES;
				CLANG_WARN_OBJC_ROOT_CLASS = YES_ERROR;
				CLANG_WARN_RANGE_LOOP_ANALYSIS = YES;
				CLANG_WARN_STRICT_PROTOTYPES = YES;
				CLANG_WARN_SUSPICIOUS_MOVE = YES;
				CLANG_WARN_UNGUARDED_AVAILABILITY = YES_AGGRESSIVE;
				CLANG_WARN_UNREACHABLE_CODE = YES;
				CLANG_WARN__DUPLICATE_METHOD_MATCH = YES;
				CODE_SIGN_IDENTITY = "iPhone Developer";
				COPY_PHASE_STRIP = NO;
				DEBUG_INFORMATION_FORMAT = "dwarf-with-dsym";
				ENABLE_NS_ASSERTIONS = NO;
				ENABLE_STRICT_OBJC_MSGSEND = YES;
				GCC_C_LANGUAGE_STANDARD = gnu11;
				GCC_NO_COMMON_BLOCKS = YES;
				GCC_WARN_64_TO_32_BIT_CONVERSION = YES;
				GCC_WARN_ABOUT_RETURN_TYPE = YES_ERROR;
				GCC_WARN_UNDECLARED_SELECTOR = YES;
				GCC_WARN_UNINITIALIZED_AUTOS = YES_AGGRESSIVE;
				GCC_WARN_UNUSED_FUNCTION = YES;
				GCC_WARN_UNUSED_VARIABLE = YES;
				IPHONEOS_DEPLOYMENT_TARGET = 11.2;
				MTL_ENABLE_DEBUG_INFO = NO;
				SDKROOT = iphoneos;
				SWIFT_OPTIMIZATION_LEVEL = "-Owholemodule";
				VALIDATE_PRODUCT = YES;
			};
			name = Release;
		};
		9030D6241FFC251800B96530 /* Debug */ = {
			isa = XCBuildConfiguration;
			buildSettings = {
				ASSETCATALOG_COMPILER_APPICON_NAME = AppIcon;
				CODE_SIGN_STYLE = Automatic;
				DEVELOPMENT_TEAM = EP435FJL2Z;
				INFOPLIST_FILE = windowShopper/Info.plist;
				IPHONEOS_DEPLOYMENT_TARGET = 11.0;
				LD_RUNPATH_SEARCH_PATHS = "$(inherited) @executable_path/Frameworks";
				PRODUCT_BUNDLE_IDENTIFIER = com.Specialist.Dev.windowShopper;
				PRODUCT_NAME = "$(TARGET_NAME)";
				SWIFT_VERSION = 4.0;
				TARGETED_DEVICE_FAMILY = "1,2";
			};
			name = Debug;
		};
		9030D6251FFC251800B96530 /* Release */ = {
			isa = XCBuildConfiguration;
			buildSettings = {
				ASSETCATALOG_COMPILER_APPICON_NAME = AppIcon;
				CODE_SIGN_STYLE = Automatic;
				DEVELOPMENT_TEAM = EP435FJL2Z;
				INFOPLIST_FILE = windowShopper/Info.plist;
				IPHONEOS_DEPLOYMENT_TARGET = 11.0;
				LD_RUNPATH_SEARCH_PATHS = "$(inherited) @executable_path/Frameworks";
				PRODUCT_BUNDLE_IDENTIFIER = com.Specialist.Dev.windowShopper;
				PRODUCT_NAME = "$(TARGET_NAME)";
				SWIFT_VERSION = 4.0;
				TARGETED_DEVICE_FAMILY = "1,2";
			};
			name = Release;
		};
/* End XCBuildConfiguration section */

/* Begin XCConfigurationList section */
		9030D60C1FFC251800B96530 /* Build configuration list for PBXProject "windowShopper" */ = {
			isa = XCConfigurationList;
			buildConfigurations = (
				9030D6211FFC251800B96530 /* Debug */,
				9030D6221FFC251800B96530 /* Release */,
			);
			defaultConfigurationIsVisible = 0;
			defaultConfigurationName = Release;
		};
		9030D6231FFC251800B96530 /* Build configuration list for PBXNativeTarget "windowShopper" */ = {
			isa = XCConfigurationList;
			buildConfigurations = (
				9030D6241FFC251800B96530 /* Debug */,
				9030D6251FFC251800B96530 /* Release */,
			);
			defaultConfigurationIsVisible = 0;
			defaultConfigurationName = Release;
		};
/* End XCConfigurationList section */
	};
	rootObject = 9030D6091FFC251800B96530 /* Project object */;
}
